
Microsoft Visual Studio Solution File, Format Version 12.00
# Visual Studio Version 16
VisualStudioVersion = 16.0.29609.76
MinimumVisualStudioVersion = 10.0.40219.1
Project("{FAE04EC0-301F-11D3-BF4B-00C04F79EFBC}") = "Scripts", "Scripts\Scripts.csproj", "{FB881D78-E6DA-4D28-83B2-6D972FABE448}"
EndProject
Project("{FAE04EC0-301F-11D3-BF4B-00C04F79EFBC}") = "Bundling", "Bundling\Bundling.csproj", "{BEC348EF-2366-4E40-9D53-23933272A0A5}"
EndProject
Global
	GlobalSection(SolutionConfigurationPlatforms) = preSolution
		Debug|Any CPU = Debug|Any CPU
		Release|Any CPU = Release|Any CPU
	EndGlobalSection
	GlobalSection(ProjectConfigurationPlatforms) = postSolution
		{FB881D78-E6DA-4D28-83B2-6D972FABE448}.Debug|Any CPU.ActiveCfg = Debug|Any CPU
		{FB881D78-E6DA-4D28-83B2-6D972FABE448}.Debug|Any CPU.Build.0 = Debug|Any CPU
		{FB881D78-E6DA-4D28-83B2-6D972FABE448}.Release|Any CPU.ActiveCfg = Release|Any CPU
		{FB881D78-E6DA-4D28-83B2-6D972FABE448}.Release|Any CPU.Build.0 = Release|Any CPU
		{BEC348EF-2366-4E40-9D53-23933272A0A5}.Debug|Any CPU.ActiveCfg = Debug|Any CPU
		{BEC348EF-2366-4E40-9D53-23933272A0A5}.Debug|Any CPU.Build.0 = Debug|Any CPU
		{BEC348EF-2366-4E40-9D53-23933272A0A5}.Release|Any CPU.ActiveCfg = Release|Any CPU
		{BEC348EF-2366-4E40-9D53-23933272A0A5}.Release|Any CPU.Build.0 = Release|Any CPU
	EndGlobalSection
	GlobalSection(SolutionProperties) = preSolution
		HideSolutionNode = FALSE
	EndGlobalSection
	GlobalSection(ExtensibilityGlobals) = postSolution
		SolutionGuid = {1364E405-F66A-494F-B6A6-6E2AC12E7D70}
	EndGlobalSection
EndGlobal
